
Microsoft Visual Studio Solution File, Format Version 12.00
# Visual Studio Version 17
VisualStudioVersion = 17.4.33213.308
MinimumVisualStudioVersion = 10.0.40219.1
Project("{FAE04EC0-301F-11D3-BF4B-00C04F79EFBC}") = "Manager", "Manager\Manager.csproj", "{6A148F78-D3AB-46FE-882C-740B242192A4}"
EndProject
Global
	GlobalSection(SolutionConfigurationPlatforms) = preSolution
		Debug|Any CPU = Debug|Any CPU
		Release|Any CPU = Release|Any CPU
	EndGlobalSection
	GlobalSection(ProjectConfigurationPlatforms) = postSolution
		{6A148F78-D3AB-46FE-882C-740B242192A4}.Debug|Any CPU.ActiveCfg = Debug|Any CPU
		{6A148F78-D3AB-46FE-882C-740B242192A4}.Debug|Any CPU.Build.0 = Debug|Any CPU
		{6A148F78-D3AB-46FE-882C-740B242192A4}.Release|Any CPU.ActiveCfg = Release|Any CPU
		{6A148F78-D3AB-46FE-882C-740B242192A4}.Release|Any CPU.Build.0 = Release|Any CPU
	EndGlobalSection
	GlobalSection(SolutionProperties) = preSolution
		HideSolutionNode = FALSE
	EndGlobalSection
	GlobalSection(ExtensibilityGlobals) = postSolution
		SolutionGuid = {A0F5C90D-CDAA-4265-BC69-136148B6C411}
	EndGlobalSection
EndGlobal
